
Microsoft Visual Studio Solution File, Format Version 12.00
# Visual Studio Version 16
VisualStudioVersion = 16.0.32002.261
MinimumVisualStudioVersion = 10.0.40219.1
Project("{FAE04EC0-301F-11D3-BF4B-00C04F79EFBC}") = "TP_FINAL.UWP", "TP_FINAL.UWP\TP_FINAL.UWP.csproj", "{CA2FB5C7-8F8D-4073-9AB8-CFD95D8EC5D7}"
EndProject
Project("{FAE04EC0-301F-11D3-BF4B-00C04F79EFBC}") = "TP_FINAL.Android", "TP_FINAL.Android\TP_FINAL.Android.csproj", "{3FF4B564-A1B5-4578-B7C0-5E6AF0E19A98}"
EndProject
Project("{FAE04EC0-301F-11D3-BF4B-00C04F79EFBC}") = "TP_FINAL.iOS", "TP_FINAL.iOS\TP_FINAL.iOS.csproj", "{C7B7B661-86C6-4D59-B73B-FA94F831A2F0}"
EndProject
Project("{FAE04EC0-301F-11D3-BF4B-00C04F79EFBC}") = "TP_FINAL", "TP_FINAL\TP_FINAL.csproj", "{6C7B83A9-09A1-4C34-BEB7-08BBEEBC18AE}"
EndProject
Global
	GlobalSection(SolutionConfigurationPlatforms) = preSolution
		Debug|Any CPU = Debug|Any CPU
		Debug|ARM = Debug|ARM
		Debug|iPhone = Debug|iPhone
		Debug|iPhoneSimulator = Debug|iPhoneSimulator
		Debug|x64 = Debug|x64
		Debug|x86 = Debug|x86
		Release|Any CPU = Release|Any CPU
		Release|ARM = Release|ARM
		Release|iPhone = Release|iPhone
		Release|iPhoneSimulator = Release|iPhoneSimulator
		Release|x64 = Release|x64
		Release|x86 = Release|x86
	EndGlobalSection
	GlobalSection(ProjectConfigurationPlatforms) = postSolution
		{CA2FB5C7-8F8D-4073-9AB8-CFD95D8EC5D7}.Debug|Any CPU.ActiveCfg = Debug|x86
		{CA2FB5C7-8F8D-4073-9AB8-CFD95D8EC5D7}.Debug|Any CPU.Build.0 = Debug|x86
		{CA2FB5C7-8F8D-4073-9AB8-CFD95D8EC5D7}.Debug|Any CPU.Deploy.0 = Debug|x86
		{CA2FB5C7-8F8D-4073-9AB8-CFD95D8EC5D7}.Debug|ARM.ActiveCfg = Debug|ARM
		{CA2FB5C7-8F8D-4073-9AB8-CFD95D8EC5D7}.Debug|ARM.Build.0 = Debug|ARM
		{CA2FB5C7-8F8D-4073-9AB8-CFD95D8EC5D7}.Debug|ARM.Deploy.0 = Debug|ARM
		{CA2FB5C7-8F8D-4073-9AB8-CFD95D8EC5D7}.Debug|iPhone.ActiveCfg = Debug|x86
		{CA2FB5C7-8F8D-4073-9AB8-CFD95D8EC5D7}.Debug|iPhone.Build.0 = Debug|x86
		{CA2FB5C7-8F8D-4073-9AB8-CFD95D8EC5D7}.Debug|iPhone.Deploy.0 = Debug|x86
		{CA2FB5C7-8F8D-4073-9AB8-CFD95D8EC5D7}.Debug|iPhoneSimulator.ActiveCfg = Debug|x86
		{CA2FB5C7-8F8D-4073-9AB8-CFD95D8EC5D7}.Debug|iPhoneSimulator.Build.0 = Debug|x86
		{CA2FB5C7-8F8D-4073-9AB8-CFD95D8EC5D7}.Debug|iPhoneSimulator.Deploy.0 = Debug|x86
		{CA2FB5C7-8F8D-4073-9AB8-CFD95D8EC5D7}.Debug|x64.ActiveCfg = Debug|x64
		{CA2FB5C7-8F8D-4073-9AB8-CFD95D8EC5D7}.Debug|x64.Build.0 = Debug|x64
		{CA2FB5C7-8F8D-4073-9AB8-CFD95D8EC5D7}.Debug|x64.Deploy.0 = Debug|x64
		{CA2FB5C7-8F8D-4073-9AB8-CFD95D8EC5D7}.Debug|x86.ActiveCfg = Debug|x86
		{CA2FB5C7-8F8D-4073-9AB8-CFD95D8EC5D7}.Debug|x86.Build.0 = Debug|x86
		{CA2FB5C7-8F8D-4073-9AB8-CFD95D8EC5D7}.Debug|x86.Deploy.0 = Debug|x86
		{CA2FB5C7-8F8D-4073-9AB8-CFD95D8EC5D7}.Release|Any CPU.ActiveCfg = Release|x86
		{CA2FB5C7-8F8D-4073-9AB8-CFD95D8EC5D7}.Release|Any CPU.Build.0 = Release|x86
		{CA2FB5C7-8F8D-4073-9AB8-CFD95D8EC5D7}.Release|Any CPU.Deploy.0 = Release|x86
		{CA2FB5C7-8F8D-4073-9AB8-CFD95D8EC5D7}.Release|ARM.ActiveCfg = Release|ARM
		{CA2FB5C7-8F8D-4073-9AB8-CFD95D8EC5D7}.Release|ARM.Build.0 = Release|ARM
		{CA2FB5C7-8F8D-4073-9AB8-CFD95D8EC5D7}.Release|ARM.Deploy.0 = Release|ARM
		{CA2FB5C7-8F8D-4073-9AB8-CFD95D8EC5D7}.Release|iPhone.ActiveCfg = Release|x86
		{CA2FB5C7-8F8D-4073-9AB8-CFD95D8EC5D7}.Release|iPhone.Build.0 = Release|x86
		{CA2FB5C7-8F8D-4073-9AB8-CFD95D8EC5D7}.Release|iPhone.Deploy.0 = Release|x86
		{CA2FB5C7-8F8D-4073-9AB8-CFD95D8EC5D7}.Release|iPhoneSimulator.ActiveCfg = Release|x86
		{CA2FB5C7-8F8D-4073-9AB8-CFD95D8EC5D7}.Release|iPhoneSimulator.Build.0 = Release|x86
		{CA2FB5C7-8F8D-4073-9AB8-CFD95D8EC5D7}.Release|iPhoneSimulator.Deploy.0 = Release|x86
		{CA2FB5C7-8F8D-4073-9AB8-CFD95D8EC5D7}.Release|x64.ActiveCfg = Release|x64
		{CA2FB5C7-8F8D-4073-9AB8-CFD95D8EC5D7}.Release|x64.Build.0 = Release|x64
		{CA2FB5C7-8F8D-4073-9AB8-CFD95D8EC5D7}.Release|x64.Deploy.0 = Release|x64
		{CA2FB5C7-8F8D-4073-9AB8-CFD95D8EC5D7}.Release|x86.ActiveCfg = Release|x86
		{CA2FB5C7-8F8D-4073-9AB8-CFD95D8EC5D7}.Release|x86.Build.0 = Release|x86
		{CA2FB5C7-8F8D-4073-9AB8-CFD95D8EC5D7}.Release|x86.Deploy.0 = Release|x86
		{3FF4B564-A1B5-4578-B7C0-5E6AF0E19A98}.Debug|Any CPU.ActiveCfg = Debug|Any CPU
		{3FF4B564-A1B5-4578-B7C0-5E6AF0E19A98}.Debug|Any CPU.Build.0 = Debug|Any CPU
		{3FF4B564-A1B5-4578-B7C0-5E6AF0E19A98}.Debug|Any CPU.Deploy.0 = Debug|Any CPU
		{3FF4B564-A1B5-4578-B7C0-5E6AF0E19A98}.Debug|ARM.ActiveCfg = Debug|Any CPU
		{3FF4B564-A1B5-4578-B7C0-5E6AF0E19A98}.Debug|ARM.Build.0 = Debug|Any CPU
		{3FF4B564-A1B5-4578-B7C0-5E6AF0E19A98}.Debug|ARM.Deploy.0 = Debug|Any CPU
		{3FF4B564-A1B5-4578-B7C0-5E6AF0E19A98}.Debug|iPhone.ActiveCfg = Debug|Any CPU
		{3FF4B564-A1B5-4578-B7C0-5E6AF0E19A98}.Debug|iPhone.Build.0 = Debug|Any CPU
		{3FF4B564-A1B5-4578-B7C0-5E6AF0E19A98}.Debug|iPhone.Deploy.0 = Debug|Any CPU
		{3FF4B564-A1B5-4578-B7C0-5E6AF0E19A98}.Debug|iPhoneSimulator.ActiveCfg = Debug|Any CPU
		{3FF4B564-A1B5-4578-B7C0-5E6AF0E19A98}.Debug|iPhoneSimulator.Build.0 = Debug|Any CPU
		{3FF4B564-A1B5-4578-B7C0-5E6AF0E19A98}.Debug|iPhoneSimulator.Deploy.0 = Debug|Any CPU
		{3FF4B564-A1B5-4578-B7C0-5E6AF0E19A98}.Debug|x64.ActiveCfg = Debug|Any CPU
		{3FF4B564-A1B5-4578-B7C0-5E6AF0E19A98}.Debug|x64.Build.0 = Debug|Any CPU
		{3FF4B564-A1B5-4578-B7C0-5E6AF0E19A98}.Debug|x64.Deploy.0 = Debug|Any CPU
		{3FF4B564-A1B5-4578-B7C0-5E6AF0E19A98}.Debug|x86.ActiveCfg = Debug|Any CPU
		{3FF4B564-A1B5-4578-B7C0-5E6AF0E19A98}.Debug|x86.Build.0 = Debug|Any CPU
		{3FF4B564-A1B5-4578-B7C0-5E6AF0E19A98}.Debug|x86.Deploy.0 = Debug|Any CPU
		{3FF4B564-A1B5-4578-B7C0-5E6AF0E19A98}.Release|Any CPU.ActiveCfg = Release|Any CPU
		{3FF4B564-A1B5-4578-B7C0-5E6AF0E19A98}.Release|Any CPU.Build.0 = Release|Any CPU
		{3FF4B564-A1B5-4578-B7C0-5E6AF0E19A98}.Release|Any CPU.Deploy.0 = Release|Any CPU
		{3FF4B564-A1B5-4578-B7C0-5E6AF0E19A98}.Release|ARM.ActiveCfg = Release|Any CPU
		{3FF4B564-A1B5-4578-B7C0-5E6AF0E19A98}.Release|ARM.Build.0 = Release|Any CPU
		{3FF4B564-A1B5-4578-B7C0-5E6AF0E19A98}.Release|ARM.Deploy.0 = Release|Any CPU
		{3FF4B564-A1B5-4578-B7C0-5E6AF0E19A98}.Release|iPhone.ActiveCfg = Release|Any CPU
		{3FF4B564-A1B5-4578-B7C0-5E6AF0E19A98}.Release|iPhone.Build.0 = Release|Any CPU
		{3FF4B564-A1B5-4578-B7C0-5E6AF0E19A98}.Release|iPhone.Deploy.0 = Release|Any CPU
		{3FF4B564-A1B5-4578-B7C0-5E6AF0E19A98}.Release|iPhoneSimulator.ActiveCfg = Release|Any CPU
		{3FF4B564-A1B5-4578-B7C0-5E6AF0E19A98}.Release|iPhoneSimulator.Build.0 = Release|Any CPU
		{3FF4B564-A1B5-4578-B7C0-5E6AF0E19A98}.Release|iPhoneSimulator.Deploy.0 = Release|Any CPU
		{3FF4B564-A1B5-4578-B7C0-5E6AF0E19A98}.Release|x64.ActiveCfg = Release|Any CPU
		{3FF4B564-A1B5-4578-B7C0-5E6AF0E19A98}.Release|x64.Build.0 = Release|Any CPU
		{3FF4B564-A1B5-4578-B7C0-5E6AF0E19A98}.Release|x64.Deploy.0 = Release|Any CPU
		{3FF4B564-A1B5-4578-B7C0-5E6AF0E19A98}.Release|x86.ActiveCfg = Release|Any CPU
		{3FF4B564-A1B5-4578-B7C0-5E6AF0E19A98}.Release|x86.Build.0 = Release|Any CPU
		{3FF4B564-A1B5-4578-B7C0-5E6AF0E19A98}.Release|x86.Deploy.0 = Release|Any CPU
		{C7B7B661-86C6-4D59-B73B-FA94F831A2F0}.Debug|Any CPU.ActiveCfg = Debug|iPhoneSimulator
		{C7B7B661-86C6-4D59-B73B-FA94F831A2F0}.Debug|Any CPU.Build.0 = Debug|iPhoneSimulator
		{C7B7B661-86C6-4D59-B73B-FA94F831A2F0}.Debug|Any CPU.Deploy.0 = Debug|iPhoneSimulator
		{C7B7B661-86C6-4D59-B73B-FA94F831A2F0}.Debug|ARM.ActiveCfg = Debug|iPhone
		{C7B7B661-86C6-4D59-B73B-FA94F831A2F0}.Debug|ARM.Build.0 = Debug|iPhone
		{C7B7B661-86C6-4D59-B73B-FA94F831A2F0}.Debug|ARM.Deploy.0 = Debug|iPhone
		{C7B7B661-86C6-4D59-B73B-FA94F831A2F0}.Debug|iPhone.ActiveCfg = Debug|iPhone
		{C7B7B661-86C6-4D59-B73B-FA94F831A2F0}.Debug|iPhone.Build.0 = Debug|iPhone
		{C7B7B661-86C6-4D59-B73B-FA94F831A2F0}.Debug|iPhone.Deploy.0 = Debug|iPhone
		{C7B7B661-86C6-4D59-B73B-FA94F831A2F0}.Debug|iPhoneSimulator.ActiveCfg = Debug|iPhoneSimulator
		{C7B7B661-86C6-4D59-B73B-FA94F831A2F0}.Debug|iPhoneSimulator.Build.0 = Debug|iPhoneSimulator
		{C7B7B661-86C6-4D59-B73B-FA94F831A2F0}.Debug|iPhoneSimulator.Deploy.0 = Debug|iPhoneSimulator
		{C7B7B661-86C6-4D59-B73B-FA94F831A2F0}.Debug|x64.ActiveCfg = Debug|iPhoneSimulator
		{C7B7B661-86C6-4D59-B73B-FA94F831A2F0}.Debug|x64.Build.0 = Debug|iPhoneSimulator
		{C7B7B661-86C6-4D59-B73B-FA94F831A2F0}.Debug|x64.Deploy.0 = Debug|iPhoneSimulator
		{C7B7B661-86C6-4D59-B73B-FA94F831A2F0}.Debug|x86.ActiveCfg = Debug|iPhoneSimulator
		{C7B7B661-86C6-4D59-B73B-FA94F831A2F0}.Debug|x86.Build.0 = Debug|iPhoneSimulator
		{C7B7B661-86C6-4D59-B73B-FA94F831A2F0}.Debug|x86.Deploy.0 = Debug|iPhoneSimulator
		{C7B7B661-86C6-4D59-B73B-FA94F831A2F0}.Release|Any CPU.ActiveCfg = Release|iPhoneSimulator
		{C7B7B661-86C6-4D59-B73B-FA94F831A2F0}.Release|Any CPU.Build.0 = Release|iPhoneSimulator
		{C7B7B661-86C6-4D59-B73B-FA94F831A2F0}.Release|Any CPU.Deploy.0 = Release|iPhoneSimulator
		{C7B7B661-86C6-4D59-B73B-FA94F831A2F0}.Release|ARM.ActiveCfg = Release|iPhoneSimulator
		{C7B7B661-86C6-4D59-B73B-FA94F831A2F0}.Release|ARM.Build.0 = Release|iPhoneSimulator
		{C7B7B661-86C6-4D59-B73B-FA94F831A2F0}.Release|ARM.Deploy.0 = Release|iPhoneSimulator
		{C7B7B661-86C6-4D59-B73B-FA94F831A2F0}.Release|iPhone.ActiveCfg = Release|iPhone
		{C7B7B661-86C6-4D59-B73B-FA94F831A2F0}.Release|iPhone.Build.0 = Release|iPhone
		{C7B7B661-86C6-4D59-B73B-FA94F831A2F0}.Release|iPhone.Deploy.0 = Release|iPhone
		{C7B7B661-86C6-4D59-B73B-FA94F831A2F0}.Release|iPhoneSimulator.ActiveCfg = Release|iPhoneSimulator
		{C7B7B661-86C6-4D59-B73B-FA94F831A2F0}.Release|iPhoneSimulator.Build.0 = Release|iPhoneSimulator
		{C7B7B661-86C6-4D59-B73B-FA94F831A2F0}.Release|iPhoneSimulator.Deploy.0 = Release|iPhoneSimulator
		{C7B7B661-86C6-4D59-B73B-FA94F831A2F0}.Release|x64.ActiveCfg = Release|iPhoneSimulator
		{C7B7B661-86C6-4D59-B73B-FA94F831A2F0}.Release|x64.Build.0 = Release|iPhoneSimulator
		{C7B7B661-86C6-4D59-B73B-FA94F831A2F0}.Release|x64.Deploy.0 = Release|iPhoneSimulator
		{C7B7B661-86C6-4D59-B73B-FA94F831A2F0}.Release|x86.ActiveCfg = Release|iPhoneSimulator
		{C7B7B661-86C6-4D59-B73B-FA94F831A2F0}.Release|x86.Build.0 = Release|iPhoneSimulator
		{C7B7B661-86C6-4D59-B73B-FA94F831A2F0}.Release|x86.Deploy.0 = Release|iPhoneSimulator
		{6C7B83A9-09A1-4C34-BEB7-08BBEEBC18AE}.Debug|Any CPU.ActiveCfg = Debug|Any CPU
		{6C7B83A9-09A1-4C34-BEB7-08BBEEBC18AE}.Debug|Any CPU.Build.0 = Debug|Any CPU
		{6C7B83A9-09A1-4C34-BEB7-08BBEEBC18AE}.Debug|Any CPU.Deploy.0 = Debug|Any CPU
		{6C7B83A9-09A1-4C34-BEB7-08BBEEBC18AE}.Debug|ARM.ActiveCfg = Debug|Any CPU
		{6C7B83A9-09A1-4C34-BEB7-08BBEEBC18AE}.Debug|ARM.Build.0 = Debug|Any CPU
		{6C7B83A9-09A1-4C34-BEB7-08BBEEBC18AE}.Debug|ARM.Deploy.0 = Debug|Any CPU
		{6C7B83A9-09A1-4C34-BEB7-08BBEEBC18AE}.Debug|iPhone.ActiveCfg = Debug|Any CPU
		{6C7B83A9-09A1-4C34-BEB7-08BBEEBC18AE}.Debug|iPhone.Build.0 = Debug|Any CPU
		{6C7B83A9-09A1-4C34-BEB7-08BBEEBC18AE}.Debug|iPhone.Deploy.0 = Debug|Any CPU
		{6C7B83A9-09A1-4C34-BEB7-08BBEEBC18AE}.Debug|iPhoneSimulator.ActiveCfg = Debug|Any CPU
		{6C7B83A9-09A1-4C34-BEB7-08BBEEBC18AE}.Debug|iPhoneSimulator.Build.0 = Debug|Any CPU
		{6C7B83A9-09A1-4C34-BEB7-08BBEEBC18AE}.Debug|iPhoneSimulator.Deploy.0 = Debug|Any CPU
		{6C7B83A9-09A1-4C34-BEB7-08BBEEBC18AE}.Debug|x64.ActiveCfg = Debug|Any CPU
		{6C7B83A9-09A1-4C34-BEB7-08BBEEBC18AE}.Debug|x64.Build.0 = Debug|Any CPU
		{6C7B83A9-09A1-4C34-BEB7-08BBEEBC18AE}.Debug|x64.Deploy.0 = Debug|Any CPU
		{6C7B83A9-09A1-4C34-BEB7-08BBEEBC18AE}.Debug|x86.ActiveCfg = Debug|Any CPU
		{6C7B83A9-09A1-4C34-BEB7-08BBEEBC18AE}.Debug|x86.Build.0 = Debug|Any CPU
		{6C7B83A9-09A1-4C34-BEB7-08BBEEBC18AE}.Debug|x86.Deploy.0 = Debug|Any CPU
		{6C7B83A9-09A1-4C34-BEB7-08BBEEBC18AE}.Release|Any CPU.ActiveCfg = Release|Any CPU
		{6C7B83A9-09A1-4C34-BEB7-08BBEEBC18AE}.Release|Any CPU.Build.0 = Release|Any CPU
		{6C7B83A9-09A1-4C34-BEB7-08BBEEBC18AE}.Release|Any CPU.Deploy.0 = Release|Any CPU
		{6C7B83A9-09A1-4C34-BEB7-08BBEEBC18AE}.Release|ARM.ActiveCfg = Release|Any CPU
		{6C7B83A9-09A1-4C34-BEB7-08BBEEBC18AE}.Release|ARM.Build.0 = Release|Any CPU
		{6C7B83A9-09A1-4C34-BEB7-08BBEEBC18AE}.Release|ARM.Deploy.0 = Release|Any CPU
		{6C7B83A9-09A1-4C34-BEB7-08BBEEBC18AE}.Release|iPhone.ActiveCfg = Release|Any CPU
		{6C7B83A9-09A1-4C34-BEB7-08BBEEBC18AE}.Release|iPhone.Build.0 = Release|Any CPU
		{6C7B83A9-09A1-4C34-BEB7-08BBEEBC18AE}.Release|iPhone.Deploy.0 = Release|Any CPU
		{6C7B83A9-09A1-4C34-BEB7-08BBEEBC18AE}.Release|iPhoneSimulator.ActiveCfg = Release|Any CPU
		{6C7B83A9-09A1-4C34-BEB7-08BBEEBC18AE}.Release|iPhoneSimulator.Build.0 = Release|Any CPU
		{6C7B83A9-09A1-4C34-BEB7-08BBEEBC18AE}.Release|iPhoneSimulator.Deploy.0 = Release|Any CPU
		{6C7B83A9-09A1-4C34-BEB7-08BBEEBC18AE}.Release|x64.ActiveCfg = Release|Any CPU
		{6C7B83A9-09A1-4C34-BEB7-08BBEEBC18AE}.Release|x64.Build.0 = Release|Any CPU
		{6C7B83A9-09A1-4C34-BEB7-08BBEEBC18AE}.Release|x64.Deploy.0 = Release|Any CPU
		{6C7B83A9-09A1-4C34-BEB7-08BBEEBC18AE}.Release|x86.ActiveCfg = Release|Any CPU
		{6C7B83A9-09A1-4C34-BEB7-08BBEEBC18AE}.Release|x86.Build.0 = Release|Any CPU
		{6C7B83A9-09A1-4C34-BEB7-08BBEEBC18AE}.Release|x86.Deploy.0 = Release|Any CPU
	EndGlobalSection
	GlobalSection(SolutionProperties) = preSolution
		HideSolutionNode = FALSE
	EndGlobalSection
	GlobalSection(ExtensibilityGlobals) = postSolution
		SolutionGuid = {7533B572-23A9-41F6-B951-9E984834B138}
	EndGlobalSection
EndGlobal
